// !$*UTF8*$!
{
archiveVersion = 1;
classes = {};
objectVersion = 56;
objects = {
7088250414B4488C4EC91CD9 = {isa = PBXFileReference; lastKnownFileType = sourcecode.swift; path = "SwitchViewerIPad/CaptureController.swift"; sourceTree = "<group>"; };
915F24644901FEF152357A8D = {isa = PBXBuildFile; fileRef = 7088250414B4488C4EC91CD9; };
1A97655EE20D88A6BC84AF2B = {isa = PBXFileReference; lastKnownFileType = sourcecode.swift; path = "SwitchViewerIPad/FramePipeline.swift"; sourceTree = "<group>"; };
556865D004E9F0A81F64561C = {isa = PBXBuildFile; fileRef = 1A97655EE20D88A6BC84AF2B; };
4E96D0D54F74A3858FBEAD9B = {isa = PBXFileReference; lastKnownFileType = sourcecode.swift; path = "SwitchViewerIPad/MetalPreview.swift"; sourceTree = "<group>"; };
0BD933DD014F900E133CD096 = {isa = PBXBuildFile; fileRef = 4E96D0D54F74A3858FBEAD9B; };
8CB551A9D045F03527C0AF20 = {isa = PBXFileReference; lastKnownFileType = sourcecode.swift; path = "SwitchViewerIPad/SwitchViewerApp.swift"; sourceTree = "<group>"; };
827FDF902FE531EAB0A1C345 = {isa = PBXBuildFile; fileRef = 8CB551A9D045F03527C0AF20; };
69DD27AB6536C4E8B5C5F97A = {isa = PBXFileReference; lastKnownFileType = sourcecode.swift; path = "../Sources/SwitchViewerInterpolation/AppleDownsampledFrameInterpolator.swift"; sourceTree = "<group>"; };
382F393BAFAB2BB6F1B000A3 = {isa = PBXBuildFile; fileRef = 69DD27AB6536C4E8B5C5F97A; };
C123A5F067D0A35E163C926A = {isa = PBXFileReference; lastKnownFileType = sourcecode.swift; path = "../Sources/SwitchViewerInterpolation/NV12Scaler.swift"; sourceTree = "<group>"; };
17D5E7758468A2888078060B = {isa = PBXBuildFile; fileRef = C123A5F067D0A35E163C926A; };
69629E74749516564CAB0D0E = {isa = PBXFileReference; lastKnownFileType = sourcecode.swift; path = "../Sources/SwitchViewerInterpolation/FrameProcessorSessionCleanup.swift"; sourceTree = "<group>"; };
148B5C059F16063538DDE7DF = {isa = PBXBuildFile; fileRef = 69629E74749516564CAB0D0E; };
ECEF657EF26E199B9B4C0F4F = {isa = PBXFileReference; lastKnownFileType = sourcecode.swift; path = "../Sources/SwitchViewerInterpolation/SourceFrameRateCounter.swift"; sourceTree = "<group>"; };
37581663A509A4803EE26680 = {isa = PBXBuildFile; fileRef = ECEF657EF26E199B9B4C0F4F; };
A1D990DFCF7315F375BF58DB = {isa = PBXFileReference; lastKnownFileType = sourcecode.swift; path = "../Sources/SwitchViewerInterpolation/SwitchFrameCadenceDetector.swift"; sourceTree = "<group>"; };
12A65856122A8030D96A64E7 = {isa = PBXBuildFile; fileRef = A1D990DFCF7315F375BF58DB; };
97725A164573A0ECA334D95B = {isa = PBXFileReference; lastKnownFileType = sourcecode.swift; path = "../Sources/SwitchViewerInterpolation/ContentFrameCadenceDetector.swift"; sourceTree = "<group>"; };
9DE4158CB4C60DC1BBB69174 = {isa = PBXBuildFile; fileRef = 97725A164573A0ECA334D95B; };
37763F70B5E7580217D981E1 = {isa = PBXFileReference; lastKnownFileType = sourcecode.swift; path = "../Sources/SwitchViewerInterpolation/TimedFrameQueue.swift"; sourceTree = "<group>"; };
70245D75C50B3DD9E221A4BE = {isa = PBXBuildFile; fileRef = 37763F70B5E7580217D981E1; };
F4A8C93AE1B6098386A0A458 = {isa = PBXFileReference; lastKnownFileType = sourcecode.swift; path = "../Sources/SwitchViewerInterpolation/CaptureVideoFormat.swift"; sourceTree = "<group>"; };
5DFD873A547971DF948F303E = {isa = PBXBuildFile; fileRef = F4A8C93AE1B6098386A0A458; };
0112DAE3F84CB4DF5179BE01 = {isa = PBXFileReference; lastKnownFileType = text.plist.xml; path = SwitchViewerIPad/Info.plist; sourceTree = "<group>"; };
7D1043473D55BFA90E8530D3 = {isa = PBXFileReference; explicitFileType = wrapper.application; path = SwitchViewerIPad.app; sourceTree = BUILT_PRODUCTS_DIR; };
BCE16DD0260827ECF338C787 = {isa = PBXSourcesBuildPhase; buildActionMask = 2147483647; files = (915F24644901FEF152357A8D,556865D004E9F0A81F64561C,0BD933DD014F900E133CD096,827FDF902FE531EAB0A1C345,382F393BAFAB2BB6F1B000A3,17D5E7758468A2888078060B,148B5C059F16063538DDE7DF,37581663A509A4803EE26680,12A65856122A8030D96A64E7,9DE4158CB4C60DC1BBB69174,70245D75C50B3DD9E221A4BE,5DFD873A547971DF948F303E); runOnlyForDeploymentPostprocessing = 0; };
7561BFB015D8F536760CB671 = {isa = PBXFrameworksBuildPhase; buildActionMask = 2147483647; files = (); runOnlyForDeploymentPostprocessing = 0; };
0189424A5A60FED329FA868E = {isa = PBXResourcesBuildPhase; buildActionMask = 2147483647; files = (); runOnlyForDeploymentPostprocessing = 0; };
FBDC4F23F93125BBEEAE800C = {isa = PBXGroup; children = (7D1043473D55BFA90E8530D3); name = Products; sourceTree = "<group>"; };
B28B7AF69320201D1CF206EB = {isa = PBXGroup; children = (7088250414B4488C4EC91CD9,1A97655EE20D88A6BC84AF2B,4E96D0D54F74A3858FBEAD9B,8CB551A9D045F03527C0AF20,69DD27AB6536C4E8B5C5F97A,C123A5F067D0A35E163C926A,69629E74749516564CAB0D0E,ECEF657EF26E199B9B4C0F4F,A1D990DFCF7315F375BF58DB,97725A164573A0ECA334D95B,37763F70B5E7580217D981E1,F4A8C93AE1B6098386A0A458,0112DAE3F84CB4DF5179BE01,FBDC4F23F93125BBEEAE800C); sourceTree = "<group>"; };
0E8A3AD980EC179856012B7E = {isa = PBXNativeTarget; buildConfigurationList = C57128001CE614BF8549D6BB; buildPhases = (BCE16DD0260827ECF338C787,7561BFB015D8F536760CB671,0189424A5A60FED329FA868E); buildRules = (); dependencies = (); name = SwitchViewerIPad; productName = SwitchViewerIPad; productReference = 7D1043473D55BFA90E8530D3; productType = "com.apple.product-type.application"; };
98F54143AB4E86B28C3AFEE0 = {isa = PBXProject; attributes = {BuildIndependentTargetsInParallel = YES; LastUpgradeCheck = 2700; TargetAttributes = {0E8A3AD980EC179856012B7E = {CreatedOnToolsVersion = 27.0; }; }; }; buildConfigurationList = 862894B703A6DEDF96A9DD6C; compatibilityVersion = "Xcode 14.0"; developmentRegion = zh-Hans; hasScannedForEncodings = 0; knownRegions = (en, Base, "zh-Hans"); mainGroup = B28B7AF69320201D1CF206EB; productRefGroup = FBDC4F23F93125BBEEAE800C; projectDirPath = ""; projectRoot = ""; targets = (0E8A3AD980EC179856012B7E); };
89E1FD6268CC0F221A2BE178 = {isa = XCBuildConfiguration; buildSettings = {CLANG_ENABLE_MODULES = YES;SDKROOT = iphoneos;IPHONEOS_DEPLOYMENT_TARGET = 26.0;SWIFT_VERSION = 5.0;SWIFT_OPTIMIZATION_LEVEL = "-Onone";DEBUG_INFORMATION_FORMAT = dwarf;SWIFT_ACTIVE_COMPILATION_CONDITIONS = DEBUG;}; name = Debug; };
E6DE6C99132752C914FEF632 = {isa = XCBuildConfiguration; buildSettings = {CLANG_ENABLE_MODULES = YES;SDKROOT = iphoneos;IPHONEOS_DEPLOYMENT_TARGET = 26.0;SWIFT_VERSION = 5.0;SWIFT_OPTIMIZATION_LEVEL = "-O";DEBUG_INFORMATION_FORMAT = "dwarf-with-dsym";SWIFT_ACTIVE_COMPILATION_CONDITIONS = "";}; name = Release; };
862894B703A6DEDF96A9DD6C = {isa = XCConfigurationList; buildConfigurations = (89E1FD6268CC0F221A2BE178,E6DE6C99132752C914FEF632); defaultConfigurationIsVisible = 0; defaultConfigurationName = Release; };
7082CC0B6FC1282FCEABD07A = {isa = XCBuildConfiguration; buildSettings = {CLANG_ENABLE_MODULES = YES;SDKROOT = iphoneos;IPHONEOS_DEPLOYMENT_TARGET = 26.0;SWIFT_VERSION = 5.0;SWIFT_OPTIMIZATION_LEVEL = "-Onone";DEBUG_INFORMATION_FORMAT = dwarf;SWIFT_ACTIVE_COMPILATION_CONDITIONS = DEBUG;PRODUCT_BUNDLE_IDENTIFIER = com.zhu.switchviewer.ipad;PRODUCT_NAME = "$(TARGET_NAME)";MARKETING_VERSION = 0.2.0;CURRENT_PROJECT_VERSION = 4;INFOPLIST_FILE = SwitchViewerIPad/Info.plist;GENERATE_INFOPLIST_FILE = NO;TARGETED_DEVICE_FAMILY = 2;SUPPORTED_PLATFORMS = "iphoneos iphonesimulator";SUPPORTS_MACCATALYST = NO;CODE_SIGN_STYLE = Automatic;LD_RUNPATH_SEARCH_PATHS = "$(inherited) @executable_path/Frameworks";ENABLE_USER_SCRIPT_SANDBOXING = YES;}; name = Debug; };
639A7CA24D39909E713B47F7 = {isa = XCBuildConfiguration; buildSettings = {CLANG_ENABLE_MODULES = YES;SDKROOT = iphoneos;IPHONEOS_DEPLOYMENT_TARGET = 26.0;SWIFT_VERSION = 5.0;SWIFT_OPTIMIZATION_LEVEL = "-O";DEBUG_INFORMATION_FORMAT = "dwarf-with-dsym";SWIFT_ACTIVE_COMPILATION_CONDITIONS = "";PRODUCT_BUNDLE_IDENTIFIER = com.zhu.switchviewer.ipad;PRODUCT_NAME = "$(TARGET_NAME)";MARKETING_VERSION = 0.2.0;CURRENT_PROJECT_VERSION = 4;INFOPLIST_FILE = SwitchViewerIPad/Info.plist;GENERATE_INFOPLIST_FILE = NO;TARGETED_DEVICE_FAMILY = 2;SUPPORTED_PLATFORMS = "iphoneos iphonesimulator";SUPPORTS_MACCATALYST = NO;CODE_SIGN_STYLE = Automatic;LD_RUNPATH_SEARCH_PATHS = "$(inherited) @executable_path/Frameworks";ENABLE_USER_SCRIPT_SANDBOXING = YES;}; name = Release; };
C57128001CE614BF8549D6BB = {isa = XCConfigurationList; buildConfigurations = (7082CC0B6FC1282FCEABD07A,639A7CA24D39909E713B47F7); defaultConfigurationIsVisible = 0; defaultConfigurationName = Release; };
};
rootObject = 98F54143AB4E86B28C3AFEE0;
}
